
Microsoft Visual Studio Solution File, Format Version 12.00
# Visual Studio Version 17
VisualStudioVersion = 17.7.34024.191
MinimumVisualStudioVersion = 10.0.40219.1
Project("{FAE04EC0-301F-11D3-BF4B-00C04F79EFBC}") = "lb_github", "lb_github\lb_github.csproj", "{410EC073-F18C-4F88-991D-3A29D088CBA7}"
EndProject
Global
	GlobalSection(SolutionConfigurationPlatforms) = preSolution
		Debug|Any CPU = Debug|Any CPU
		Release|Any CPU = Release|Any CPU
	EndGlobalSection
	GlobalSection(ProjectConfigurationPlatforms) = postSolution
		{410EC073-F18C-4F88-991D-3A29D088CBA7}.Debug|Any CPU.ActiveCfg = Debug|Any CPU
		{410EC073-F18C-4F88-991D-3A29D088CBA7}.Debug|Any CPU.Build.0 = Debug|Any CPU
		{410EC073-F18C-4F88-991D-3A29D088CBA7}.Release|Any CPU.ActiveCfg = Release|Any CPU
		{410EC073-F18C-4F88-991D-3A29D088CBA7}.Release|Any CPU.Build.0 = Release|Any CPU
	EndGlobalSection
	GlobalSection(SolutionProperties) = preSolution
		HideSolutionNode = FALSE
	EndGlobalSection
	GlobalSection(ExtensibilityGlobals) = postSolution
		SolutionGuid = {2B451EB4-BA0A-4218-A0B4-150C1572F42F}
	EndGlobalSection
EndGlobal
